
Microsoft Visual Studio Solution File, Format Version 12.00
# Visual Studio Version 17
VisualStudioVersion = 17.8.34004.107
MinimumVisualStudioVersion = 10.0.40219.1
Project("{FAE04EC0-301F-11D3-BF4B-00C04F79EFBC}") = "WindowsFormsApp2", "WindowsFormsApp2.csproj", "{715EA1E2-F5D6-4104-9B3F-598AD9D28958}"
EndProject
Global
	GlobalSection(SolutionConfigurationPlatforms) = preSolution
		Debug|Any CPU = Debug|Any CPU
		Release|Any CPU = Release|Any CPU
	EndGlobalSection
	GlobalSection(ProjectConfigurationPlatforms) = postSolution
		{715EA1E2-F5D6-4104-9B3F-598AD9D28958}.Debug|Any CPU.ActiveCfg = Debug|Any CPU
		{715EA1E2-F5D6-4104-9B3F-598AD9D28958}.Debug|Any CPU.Build.0 = Debug|Any CPU
		{715EA1E2-F5D6-4104-9B3F-598AD9D28958}.Release|Any CPU.ActiveCfg = Release|Any CPU
		{715EA1E2-F5D6-4104-9B3F-598AD9D28958}.Release|Any CPU.Build.0 = Release|Any CPU
	EndGlobalSection
	GlobalSection(SolutionProperties) = preSolution
		HideSolutionNode = FALSE
	EndGlobalSection
	GlobalSection(ExtensibilityGlobals) = postSolution
		SolutionGuid = {1A1E3471-FF7C-430A-9B3E-1CA023EFE82F}
	EndGlobalSection
EndGlobal
